
Microsoft Visual Studio Solution File, Format Version 12.00
# Visual Studio Version 16
VisualStudioVersion = 16.0.29911.84
MinimumVisualStudioVersion = 15.0.26124.0
Project("{9A19103F-16F7-4668-BE54-9A1E7A4F7556}") = "JsonParser", "JsonParser.csproj", "{C8930D70-64DC-4757-8CD7-E381FA72F4EC}"
EndProject
Global
	GlobalSection(SolutionConfigurationPlatforms) = preSolution
		Debug|Any CPU = Debug|Any CPU
		Debug|x64 = Debug|x64
		Debug|x86 = Debug|x86
		Release|Any CPU = Release|Any CPU
		Release|x64 = Release|x64
		Release|x86 = Release|x86
	EndGlobalSection
	GlobalSection(ProjectConfigurationPlatforms) = postSolution
		{C8930D70-64DC-4757-8CD7-E381FA72F4EC}.Debug|Any CPU.ActiveCfg = Debug|Any CPU
		{C8930D70-64DC-4757-8CD7-E381FA72F4EC}.Debug|Any CPU.Build.0 = Debug|Any CPU
		{C8930D70-64DC-4757-8CD7-E381FA72F4EC}.Debug|x64.ActiveCfg = Debug|Any CPU
		{C8930D70-64DC-4757-8CD7-E381FA72F4EC}.Debug|x64.Build.0 = Debug|Any CPU
		{C8930D70-64DC-4757-8CD7-E381FA72F4EC}.Debug|x86.ActiveCfg = Debug|Any CPU
		{C8930D70-64DC-4757-8CD7-E381FA72F4EC}.Debug|x86.Build.0 = Debug|Any CPU
		{C8930D70-64DC-4757-8CD7-E381FA72F4EC}.Release|Any CPU.ActiveCfg = Release|Any CPU
		{C8930D70-64DC-4757-8CD7-E381FA72F4EC}.Release|Any CPU.Build.0 = Release|Any CPU
		{C8930D70-64DC-4757-8CD7-E381FA72F4EC}.Release|x64.ActiveCfg = Release|Any CPU
		{C8930D70-64DC-4757-8CD7-E381FA72F4EC}.Release|x64.Build.0 = Release|Any CPU
		{C8930D70-64DC-4757-8CD7-E381FA72F4EC}.Release|x86.ActiveCfg = Release|Any CPU
		{C8930D70-64DC-4757-8CD7-E381FA72F4EC}.Release|x86.Build.0 = Release|Any CPU
	EndGlobalSection
	GlobalSection(SolutionProperties) = preSolution
		HideSolutionNode = FALSE
	EndGlobalSection
	GlobalSection(ExtensibilityGlobals) = postSolution
		SolutionGuid = {CBA7198D-E41B-4716-949D-388D677B577C}
	EndGlobalSection
EndGlobal
